
Microsoft Visual Studio Solution File, Format Version 12.00
# Visual Studio Version 16
VisualStudioVersion = 16.0.30717.126
MinimumVisualStudioVersion = 10.0.40219.1
Project("{FAE04EC0-301F-11D3-BF4B-00C04F79EFBC}") = "Data", "Data\Data.csproj", "{4EFF6075-3A49-4180-A66B-349C4737DE5E}"
EndProject
Project("{FAE04EC0-301F-11D3-BF4B-00C04F79EFBC}") = "WinForms", "WinForms\WinForms.csproj", "{1690FD23-FAD3-4551-AF4C-742F165AAAA2}"
EndProject
Project("{FAE04EC0-301F-11D3-BF4B-00C04F79EFBC}") = "WPF", "WPF\WPF.csproj", "{2DA4B6A6-47DB-42F0-8163-E64F7024D7D9}"
EndProject
Global
	GlobalSection(SolutionConfigurationPlatforms) = preSolution
		Debug|Any CPU = Debug|Any CPU
		Release|Any CPU = Release|Any CPU
	EndGlobalSection
	GlobalSection(ProjectConfigurationPlatforms) = postSolution
		{4EFF6075-3A49-4180-A66B-349C4737DE5E}.Debug|Any CPU.ActiveCfg = Debug|Any CPU
		{4EFF6075-3A49-4180-A66B-349C4737DE5E}.Debug|Any CPU.Build.0 = Debug|Any CPU
		{4EFF6075-3A49-4180-A66B-349C4737DE5E}.Release|Any CPU.ActiveCfg = Release|Any CPU
		{4EFF6075-3A49-4180-A66B-349C4737DE5E}.Release|Any CPU.Build.0 = Release|Any CPU
		{1690FD23-FAD3-4551-AF4C-742F165AAAA2}.Debug|Any CPU.ActiveCfg = Debug|Any CPU
		{1690FD23-FAD3-4551-AF4C-742F165AAAA2}.Debug|Any CPU.Build.0 = Debug|Any CPU
		{1690FD23-FAD3-4551-AF4C-742F165AAAA2}.Release|Any CPU.ActiveCfg = Release|Any CPU
		{1690FD23-FAD3-4551-AF4C-742F165AAAA2}.Release|Any CPU.Build.0 = Release|Any CPU
		{2DA4B6A6-47DB-42F0-8163-E64F7024D7D9}.Debug|Any CPU.ActiveCfg = Debug|Any CPU
		{2DA4B6A6-47DB-42F0-8163-E64F7024D7D9}.Debug|Any CPU.Build.0 = Debug|Any CPU
		{2DA4B6A6-47DB-42F0-8163-E64F7024D7D9}.Release|Any CPU.ActiveCfg = Release|Any CPU
		{2DA4B6A6-47DB-42F0-8163-E64F7024D7D9}.Release|Any CPU.Build.0 = Release|Any CPU
	EndGlobalSection
	GlobalSection(SolutionProperties) = preSolution
		HideSolutionNode = FALSE
	EndGlobalSection
	GlobalSection(ExtensibilityGlobals) = postSolution
		SolutionGuid = {5C477E94-6440-4ED9-9B92-D005A1E55164}
	EndGlobalSection
EndGlobal
